{
  "version": 4,
  "terraform_version": "0.12.23",
  "serial": 50,
  "lineage": "11d983a6-dbb5-2066-459b-e8d217e5978c",
  "outputs": {
    "arithmetic": {
      "value": "0 1 2 3",
      "type": "string"
    },
    "aws_availability_zones": {
      "value": {
        "blacklisted_names": null,
        "blacklisted_zone_ids": null,
        "id": "2020-03-19 14:46:20.634616 +0000 UTC",
        "names": [
          "us-east-1a",
          "us-east-1b",
          "us-east-1c",
          "us-east-1d",
          "us-east-1e",
          "us-east-1f"
        ],
        "state": "available",
        "zone_ids": [
          "use1-az4",
          "use1-az6",
          "use1-az1",
          "use1-az2",
          "use1-az3",
          "use1-az5"
        ]
      },
      "type": [
        "object",
        {
          "blacklisted_names": [
            "set",
            "string"
          ],
          "blacklisted_zone_ids": [
            "set",
            "string"
          ],
          "id": "string",
          "names": [
            "list",
            "string"
          ],
          "state": "string",
          "zone_ids": [
            "list",
            "string"
          ]
        }
      ]
    },
    "aws_caller_info": {
      "value": {
        "account_id": "105702111580",
        "arn": "arn:aws:iam::105702111580:user/tarik-dev",
        "id": "2020-03-19 14:46:21.070821 +0000 UTC",
        "user_id": "AIDARRHCWHFOLXEY4KQHV"
      },
      "type": [
        "object",
        {
          "account_id": "string",
          "arn": "string",
          "id": "string",
          "user_id": "string"
        }
      ]
    },
    "bucketE": {
      "value": [],
      "type": [
        "tuple",
        []
      ]
    },
    "bucketX": {
      "value": [],
      "type": [
        "tuple",
        []
      ]
    },
    "bucket_info": {
      "value": {
        "acceleration_status": "",
        "acl": "private",
        "arn": "arn:aws:s3:::terraform-20200316120003282700000001",
        "bucket": "terraform-20200316120003282700000001",
        "bucket_domain_name": "terraform-20200316120003282700000001.s3.amazonaws.com",
        "bucket_prefix": null,
        "bucket_regional_domain_name": "terraform-20200316120003282700000001.s3.amazonaws.com",
        "cors_rule": [],
        "force_destroy": false,
        "grant": [],
        "hosted_zone_id": "Z3AQBSTGFYJSTF",
        "id": "terraform-20200316120003282700000001",
        "lifecycle_rule": [],
        "logging": [],
        "object_lock_configuration": [],
        "policy": null,
        "region": "us-east-1",
        "replication_configuration": [],
        "request_payer": "BucketOwner",
        "server_side_encryption_configuration": [],
        "tags": {},
        "versioning": [
          {
            "enabled": false,
            "mfa_delete": false
          }
        ],
        "website": [],
        "website_domain": null,
        "website_endpoint": null
      },
      "type": [
        "object",
        {
          "acceleration_status": "string",
          "acl": "string",
          "arn": "string",
          "bucket": "string",
          "bucket_domain_name": "string",
          "bucket_prefix": "string",
          "bucket_regional_domain_name": "string",
          "cors_rule": [
            "list",
            [
              "object",
              {
                "allowed_headers": [
                  "list",
                  "string"
                ],
                "allowed_methods": [
                  "list",
                  "string"
                ],
                "allowed_origins": [
                  "list",
                  "string"
                ],
                "expose_headers": [
                  "list",
                  "string"
                ],
                "max_age_seconds": "number"
              }
            ]
          ],
          "force_destroy": "bool",
          "grant": [
            "set",
            [
              "object",
              {
                "id": "string",
                "permissions": [
                  "set",
                  "string"
                ],
                "type": "string",
                "uri": "string"
              }
            ]
          ],
          "hosted_zone_id": "string",
          "id": "string",
          "lifecycle_rule": [
            "list",
            [
              "object",
              {
                "abort_incomplete_multipart_upload_days": "number",
                "enabled": "bool",
                "expiration": [
                  "set",
                  [
                    "object",
                    {
                      "date": "string",
                      "days": "number",
                      "expired_object_delete_marker": "bool"
                    }
                  ]
                ],
                "id": "string",
                "noncurrent_version_expiration": [
                  "set",
                  [
                    "object",
                    {
                      "days": "number"
                    }
                  ]
                ],
                "noncurrent_version_transition": [
                  "set",
                  [
                    "object",
                    {
                      "days": "number",
                      "storage_class": "string"
                    }
                  ]
                ],
                "prefix": "string",
                "tags": [
                  "map",
                  "string"
                ],
                "transition": [
                  "set",
                  [
                    "object",
                    {
                      "date": "string",
                      "days": "number",
                      "storage_class": "string"
                    }
                  ]
                ]
              }
            ]
          ],
          "logging": [
            "set",
            [
              "object",
              {
                "target_bucket": "string",
                "target_prefix": "string"
              }
            ]
          ],
          "object_lock_configuration": [
            "list",
            [
              "object",
              {
                "object_lock_enabled": "string",
                "rule": [
                  "list",
                  [
                    "object",
                    {
                      "default_retention": [
                        "list",
                        [
                          "object",
                          {
                            "days": "number",
                            "mode": "string",
                            "years": "number"
                          }
                        ]
                      ]
                    }
                  ]
                ]
              }
            ]
          ],
          "policy": "string",
          "region": "string",
          "replication_configuration": [
            "list",
            [
              "object",
              {
                "role": "string",
                "rules": [
                  "set",
                  [
                    "object",
                    {
                      "destination": [
                        "set",
                        [
                          "object",
                          {
                            "access_control_translation": [
                              "list",
                              [
                                "object",
                                {
                                  "owner": "string"
                                }
                              ]
                            ],
                            "account_id": "string",
                            "bucket": "string",
                            "replica_kms_key_id": "string",
                            "storage_class": "string"
                          }
                        ]
                      ],
                      "filter": [
                        "list",
                        [
                          "object",
                          {
                            "prefix": "string",
                            "tags": [
                              "map",
                              "string"
                            ]
                          }
                        ]
                      ],
                      "id": "string",
                      "prefix": "string",
                      "priority": "number",
                      "source_selection_criteria": [
                        "set",
                        [
                          "object",
                          {
                            "sse_kms_encrypted_objects": [
                              "set",
                              [
                                "object",
                                {
                                  "enabled": "bool"
                                }
                              ]
                            ]
                          }
                        ]
                      ],
                      "status": "string"
                    }
                  ]
                ]
              }
            ]
          ],
          "request_payer": "string",
          "server_side_encryption_configuration": [
            "list",
            [
              "object",
              {
                "rule": [
                  "list",
                  [
                    "object",
                    {
                      "apply_server_side_encryption_by_default": [
                        "list",
                        [
                          "object",
                          {
                            "kms_master_key_id": "string",
                            "sse_algorithm": "string"
                          }
                        ]
                      ]
                    }
                  ]
                ]
              }
            ]
          ],
          "tags": [
            "map",
            "string"
          ],
          "versioning": [
            "list",
            [
              "object",
              {
                "enabled": "bool",
                "mfa_delete": "bool"
              }
            ]
          ],
          "website": [
            "list",
            [
              "object",
              {
                "error_document": "string",
                "index_document": "string",
                "redirect_all_requests_to": "string",
                "routing_rules": "string"
              }
            ]
          ],
          "website_domain": "string",
          "website_endpoint": "string"
        }
      ]
    },
    "comparison": {
      "value": "true true true true true true",
      "type": "string"
    },
    "date_time": {
      "value": "March 20",
      "type": "string"
    },
    "directive": {
      "value": "This is a `heredoc` with directives.\n\nHi Robert Jordan\n\n",
      "type": "string"
    },
    "filtered": {
      "value": [
        0,
        2,
        4,
        6,
        8
      ],
      "type": [
        "tuple",
        [
          "number",
          "number",
          "number",
          "number",
          "number"
        ]
      ]
    },
    "heredoc": {
      "value": "This is called a `heredoc`. It's a string literal\nthat can span multiple lines.\n",
      "type": "string"
    },
    "home_phone": {
      "value": "415-414-1212",
      "type": "string"
    },
    "iterated": {
      "value": "Directives can also iterate ...\n\n0 is even.\n\n2 is even.\n\n4 is even.\n\n6 is even.\n\n8 is even.\n\n",
      "type": "string"
    },
    "iterations": {
      "value": [
        "ONE",
        "TWO",
        "THREE"
      ],
      "type": [
        "tuple",
        [
          "string",
          "string",
          "string"
        ]
      ]
    },
    "logical": {
      "value": "true false",
      "type": "string"
    },
    "trim": {
      "value": "A string with leading and trailing spaces",
      "type": "string"
    }
  },
  "resources": [
    {
      "mode": "data",
      "type": "aws_availability_zones",
      "name": "available",
      "provider": "provider.aws",
      "instances": [
        {
          "schema_version": 0,
          "attributes": {
            "blacklisted_names": null,
            "blacklisted_zone_ids": null,
            "id": "2020-03-19 14:46:20.634616 +0000 UTC",
            "names": [
              "us-east-1a",
              "us-east-1b",
              "us-east-1c",
              "us-east-1d",
              "us-east-1e",
              "us-east-1f"
            ],
            "state": "available",
            "zone_ids": [
              "use1-az4",
              "use1-az6",
              "use1-az1",
              "use1-az2",
              "use1-az3",
              "use1-az5"
            ]
          }
        }
      ]
    },
    {
      "mode": "data",
      "type": "aws_caller_identity",
      "name": "current",
      "provider": "provider.aws",
      "instances": [
        {
          "schema_version": 0,
          "attributes": {
            "account_id": "105702111580",
            "arn": "arn:aws:iam::105702111580:user/tarik-dev",
            "id": "2020-03-19 14:46:21.070821 +0000 UTC",
            "user_id": "AIDARRHCWHFOLXEY4KQHV"
          }
        }
      ]
    },
    {
      "mode": "managed",
      "type": "aws_s3_bucket",
      "name": "bucket1",
      "provider": "provider.aws",
      "instances": [
        {
          "schema_version": 0,
          "attributes": {
            "acceleration_status": "",
            "acl": "private",
            "arn": "arn:aws:s3:::terraform-20200316120003282700000001",
            "bucket": "terraform-20200316120003282700000001",
            "bucket_domain_name": "terraform-20200316120003282700000001.s3.amazonaws.com",
            "bucket_prefix": null,
            "bucket_regional_domain_name": "terraform-20200316120003282700000001.s3.amazonaws.com",
            "cors_rule": [],
            "force_destroy": false,
            "grant": [],
            "hosted_zone_id": "Z3AQBSTGFYJSTF",
            "id": "terraform-20200316120003282700000001",
            "lifecycle_rule": [],
            "logging": [],
            "object_lock_configuration": [],
            "policy": null,
            "region": "us-east-1",
            "replication_configuration": [],
            "request_payer": "BucketOwner",
            "server_side_encryption_configuration": [],
            "tags": {},
            "versioning": [
              {
                "enabled": false,
                "mfa_delete": false
              }
            ],
            "website": [],
            "website_domain": null,
            "website_endpoint": null
          },
          "private": "bnVsbA=="
        }
      ]
    },
    {
      "mode": "managed",
      "type": "aws_s3_bucket",
      "name": "bucket2",
      "provider": "provider.aws",
      "instances": [
        {
          "schema_version": 0,
          "attributes": {
            "acceleration_status": "",
            "acl": "private",
            "arn": "arn:aws:s3:::105702111580-bucket2",
            "bucket": "105702111580-bucket2",
            "bucket_domain_name": "105702111580-bucket2.s3.amazonaws.com",
            "bucket_prefix": null,
            "bucket_regional_domain_name": "105702111580-bucket2.s3.amazonaws.com",
            "cors_rule": [],
            "force_destroy": false,
            "grant": [],
            "hosted_zone_id": "Z3AQBSTGFYJSTF",
            "id": "105702111580-bucket2",
            "lifecycle_rule": [],
            "logging": [],
            "object_lock_configuration": [],
            "policy": null,
            "region": "us-east-1",
            "replication_configuration": [],
            "request_payer": "BucketOwner",
            "server_side_encryption_configuration": [],
            "tags": {},
            "versioning": [
              {
                "enabled": false,
                "mfa_delete": false
              }
            ],
            "website": [],
            "website_domain": null,
            "website_endpoint": null
          },
          "private": "bnVsbA=="
        }
      ]
    },
    {
      "mode": "managed",
      "type": "aws_s3_bucket",
      "name": "bucket3",
      "provider": "provider.aws",
      "instances": [
        {
          "schema_version": 0,
          "attributes": {
            "acceleration_status": "",
            "acl": "private",
            "arn": "arn:aws:s3:::105702111580-bucket3",
            "bucket": "105702111580-bucket3",
            "bucket_domain_name": "105702111580-bucket3.s3.amazonaws.com",
            "bucket_prefix": null,
            "bucket_regional_domain_name": "105702111580-bucket3.s3.amazonaws.com",
            "cors_rule": [],
            "force_destroy": false,
            "grant": [],
            "hosted_zone_id": "Z3AQBSTGFYJSTF",
            "id": "105702111580-bucket3",
            "lifecycle_rule": [],
            "logging": [],
            "object_lock_configuration": [],
            "policy": null,
            "region": "us-east-1",
            "replication_configuration": [],
            "request_payer": "BucketOwner",
            "server_side_encryption_configuration": [],
            "tags": {
              "dependency": "arn:aws:s3:::105702111580-bucket2"
            },
            "versioning": [
              {
                "enabled": false,
                "mfa_delete": false
              }
            ],
            "website": [],
            "website_domain": null,
            "website_endpoint": null
          },
          "private": "bnVsbA==",
          "dependencies": [
            "aws_s3_bucket.bucket2"
          ]
        }
      ]
    },
    {
      "mode": "managed",
      "type": "aws_s3_bucket",
      "name": "bucket4",
      "provider": "provider.aws",
      "instances": [
        {
          "schema_version": 0,
          "attributes": {
            "acceleration_status": "",
            "acl": "private",
            "arn": "arn:aws:s3:::105702111580-bucket4",
            "bucket": "105702111580-bucket4",
            "bucket_domain_name": "105702111580-bucket4.s3.amazonaws.com",
            "bucket_prefix": null,
            "bucket_regional_domain_name": "105702111580-bucket4.s3.amazonaws.com",
            "cors_rule": [],
            "force_destroy": false,
            "grant": [],
            "hosted_zone_id": "Z3AQBSTGFYJSTF",
            "id": "105702111580-bucket4",
            "lifecycle_rule": [],
            "logging": [],
            "object_lock_configuration": [],
            "policy": null,
            "region": "us-east-1",
            "replication_configuration": [],
            "request_payer": "BucketOwner",
            "server_side_encryption_configuration": [],
            "tags": {},
            "versioning": [
              {
                "enabled": false,
                "mfa_delete": false
              }
            ],
            "website": [],
            "website_domain": null,
            "website_endpoint": null
          },
          "private": "bnVsbA==",
          "dependencies": [
            "aws_s3_bucket.bucket2",
            "aws_s3_bucket.bucket3"
          ]
        }
      ]
    },
    {
      "mode": "managed",
      "type": "aws_s3_bucket",
      "name": "bucket5",
      "provider": "provider.aws",
      "instances": [
        {
          "schema_version": 0,
          "attributes": {
            "acceleration_status": "",
            "acl": "private",
            "arn": "arn:aws:s3:::my-bucket-595988585",
            "bucket": "my-bucket-595988585",
            "bucket_domain_name": "my-bucket-595988585.s3.amazonaws.com",
            "bucket_prefix": null,
            "bucket_regional_domain_name": "my-bucket-595988585.s3.amazonaws.com",
            "cors_rule": [],
            "force_destroy": false,
            "grant": [],
            "hosted_zone_id": "Z3AQBSTGFYJSTF",
            "id": "my-bucket-595988585",
            "lifecycle_rule": [],
            "logging": [],
            "object_lock_configuration": [],
            "policy": null,
            "region": "us-east-1",
            "replication_configuration": [],
            "request_payer": "BucketOwner",
            "server_side_encryption_configuration": [],
            "tags": null,
            "versioning": [
              {
                "enabled": false,
                "mfa_delete": false
              }
            ],
            "website": [],
            "website_domain": null,
            "website_endpoint": null
          },
          "private": "bnVsbA=="
        }
      ]
    },
    {
      "mode": "managed",
      "type": "aws_s3_bucket",
      "name": "bucket6",
      "provider": "provider.aws",
      "instances": [
        {
          "schema_version": 0,
          "attributes": {
            "acceleration_status": "",
            "acl": "private",
            "arn": "arn:aws:s3:::105702111580-aidarrhcwhfolxey4kqhv-bucket6",
            "bucket": "105702111580-aidarrhcwhfolxey4kqhv-bucket6",
            "bucket_domain_name": "105702111580-aidarrhcwhfolxey4kqhv-bucket6.s3.amazonaws.com",
            "bucket_prefix": null,
            "bucket_regional_domain_name": "105702111580-aidarrhcwhfolxey4kqhv-bucket6.s3.amazonaws.com",
            "cors_rule": [],
            "force_destroy": false,
            "grant": [],
            "hosted_zone_id": "Z3AQBSTGFYJSTF",
            "id": "105702111580-aidarrhcwhfolxey4kqhv-bucket6",
            "lifecycle_rule": [],
            "logging": [],
            "object_lock_configuration": [],
            "policy": null,
            "region": "us-east-1",
            "replication_configuration": [],
            "request_payer": "BucketOwner",
            "server_side_encryption_configuration": [],
            "tags": {},
            "versioning": [
              {
                "enabled": false,
                "mfa_delete": false
              }
            ],
            "website": [],
            "website_domain": null,
            "website_endpoint": null
          },
          "private": "bnVsbA=="
        }
      ]
    },
    {
      "mode": "managed",
      "type": "aws_s3_bucket",
      "name": "bucketE",
      "each": "map",
      "provider": "provider.aws",
      "instances": [
        {
          "index_key": "bucket101",
          "schema_version": 0,
          "attributes": {
            "acceleration_status": "",
            "acl": "private",
            "arn": "arn:aws:s3:::105702111580-aidarrhcwhfolxey4kqhv-mybucket101",
            "bucket": "105702111580-aidarrhcwhfolxey4kqhv-mybucket101",
            "bucket_domain_name": "105702111580-aidarrhcwhfolxey4kqhv-mybucket101.s3.amazonaws.com",
            "bucket_prefix": null,
            "bucket_regional_domain_name": "105702111580-aidarrhcwhfolxey4kqhv-mybucket101.s3.amazonaws.com",
            "cors_rule": [],
            "force_destroy": false,
            "grant": [],
            "hosted_zone_id": "Z3AQBSTGFYJSTF",
            "id": "105702111580-aidarrhcwhfolxey4kqhv-mybucket101",
            "lifecycle_rule": [],
            "logging": [],
            "object_lock_configuration": [],
            "policy": null,
            "region": "us-east-1",
            "replication_configuration": [],
            "request_payer": "BucketOwner",
            "server_side_encryption_configuration": [],
            "tags": {},
            "versioning": [
              {
                "enabled": false,
                "mfa_delete": false
              }
            ],
            "website": [],
            "website_domain": null,
            "website_endpoint": null
          },
          "private": "bnVsbA=="
        },
        {
          "index_key": "bucket102",
          "schema_version": 0,
          "attributes": {
            "acceleration_status": "",
            "acl": "private",
            "arn": "arn:aws:s3:::105702111580-aidarrhcwhfolxey4kqhv-mybucket102",
            "bucket": "105702111580-aidarrhcwhfolxey4kqhv-mybucket102",
            "bucket_domain_name": "105702111580-aidarrhcwhfolxey4kqhv-mybucket102.s3.amazonaws.com",
            "bucket_prefix": null,
            "bucket_regional_domain_name": "105702111580-aidarrhcwhfolxey4kqhv-mybucket102.s3.amazonaws.com",
            "cors_rule": [],
            "force_destroy": false,
            "grant": [],
            "hosted_zone_id": "Z3AQBSTGFYJSTF",
            "id": "105702111580-aidarrhcwhfolxey4kqhv-mybucket102",
            "lifecycle_rule": [],
            "logging": [],
            "object_lock_configuration": [],
            "policy": null,
            "region": "us-east-1",
            "replication_configuration": [],
            "request_payer": "BucketOwner",
            "server_side_encryption_configuration": [],
            "tags": {},
            "versioning": [
              {
                "enabled": false,
                "mfa_delete": false
              }
            ],
            "website": [],
            "website_domain": null,
            "website_endpoint": null
          },
          "private": "bnVsbA=="
        }
      ]
    },
    {
      "mode": "managed",
      "type": "aws_s3_bucket",
      "name": "bucketX",
      "each": "list",
      "provider": "provider.aws",
      "instances": []
    },
    {
      "mode": "managed",
      "type": "aws_s3_bucket",
      "name": "buckets",
      "each": "list",
      "provider": "provider.aws",
      "instances": [
        {
          "index_key": 0,
          "schema_version": 0,
          "attributes": {
            "acceleration_status": "",
            "acl": "private",
            "arn": "arn:aws:s3:::105702111580-aidarrhcwhfolxey4kqhv-bucket7",
            "bucket": "105702111580-aidarrhcwhfolxey4kqhv-bucket7",
            "bucket_domain_name": "105702111580-aidarrhcwhfolxey4kqhv-bucket7.s3.amazonaws.com",
            "bucket_prefix": null,
            "bucket_regional_domain_name": "105702111580-aidarrhcwhfolxey4kqhv-bucket7.s3.amazonaws.com",
            "cors_rule": [],
            "force_destroy": false,
            "grant": [],
            "hosted_zone_id": "Z3AQBSTGFYJSTF",
            "id": "105702111580-aidarrhcwhfolxey4kqhv-bucket7",
            "lifecycle_rule": [],
            "logging": [],
            "object_lock_configuration": [],
            "policy": null,
            "region": "us-east-1",
            "replication_configuration": [],
            "request_payer": "BucketOwner",
            "server_side_encryption_configuration": [],
            "tags": {},
            "versioning": [
              {
                "enabled": false,
                "mfa_delete": false
              }
            ],
            "website": [],
            "website_domain": null,
            "website_endpoint": null
          },
          "private": "bnVsbA=="
        },
        {
          "index_key": 1,
          "schema_version": 0,
          "attributes": {
            "acceleration_status": "",
            "acl": "private",
            "arn": "arn:aws:s3:::105702111580-aidarrhcwhfolxey4kqhv-bucket8",
            "bucket": "105702111580-aidarrhcwhfolxey4kqhv-bucket8",
            "bucket_domain_name": "105702111580-aidarrhcwhfolxey4kqhv-bucket8.s3.amazonaws.com",
            "bucket_prefix": null,
            "bucket_regional_domain_name": "105702111580-aidarrhcwhfolxey4kqhv-bucket8.s3.amazonaws.com",
            "cors_rule": [],
            "force_destroy": false,
            "grant": [],
            "hosted_zone_id": "Z3AQBSTGFYJSTF",
            "id": "105702111580-aidarrhcwhfolxey4kqhv-bucket8",
            "lifecycle_rule": [],
            "logging": [],
            "object_lock_configuration": [],
            "policy": null,
            "region": "us-east-1",
            "replication_configuration": [],
            "request_payer": "BucketOwner",
            "server_side_encryption_configuration": [],
            "tags": {},
            "versioning": [
              {
                "enabled": false,
                "mfa_delete": false
              }
            ],
            "website": [],
            "website_domain": null,
            "website_endpoint": null
          },
          "private": "bnVsbA=="
        },
        {
          "index_key": 2,
          "schema_version": 0,
          "attributes": {
            "acceleration_status": "",
            "acl": "private",
            "arn": "arn:aws:s3:::105702111580-aidarrhcwhfolxey4kqhv-bucket9",
            "bucket": "105702111580-aidarrhcwhfolxey4kqhv-bucket9",
            "bucket_domain_name": "105702111580-aidarrhcwhfolxey4kqhv-bucket9.s3.amazonaws.com",
            "bucket_prefix": null,
            "bucket_regional_domain_name": "105702111580-aidarrhcwhfolxey4kqhv-bucket9.s3.amazonaws.com",
            "cors_rule": [],
            "force_destroy": false,
            "grant": [],
            "hosted_zone_id": "Z3AQBSTGFYJSTF",
            "id": "105702111580-aidarrhcwhfolxey4kqhv-bucket9",
            "lifecycle_rule": [],
            "logging": [],
            "object_lock_configuration": [],
            "policy": null,
            "region": "us-east-1",
            "replication_configuration": [],
            "request_payer": "BucketOwner",
            "server_side_encryption_configuration": [],
            "tags": {},
            "versioning": [
              {
                "enabled": false,
                "mfa_delete": false
              }
            ],
            "website": [],
            "website_domain": null,
            "website_endpoint": null
          },
          "private": "bnVsbA=="
        },
        {
          "index_key": 3,
          "schema_version": 0,
          "attributes": {
            "acceleration_status": "",
            "acl": "private",
            "arn": "arn:aws:s3:::105702111580-aidarrhcwhfolxey4kqhv-bucket10",
            "bucket": "105702111580-aidarrhcwhfolxey4kqhv-bucket10",
            "bucket_domain_name": "105702111580-aidarrhcwhfolxey4kqhv-bucket10.s3.amazonaws.com",
            "bucket_prefix": null,
            "bucket_regional_domain_name": "105702111580-aidarrhcwhfolxey4kqhv-bucket10.s3.amazonaws.com",
            "cors_rule": [],
            "force_destroy": false,
            "grant": [],
            "hosted_zone_id": "Z3AQBSTGFYJSTF",
            "id": "105702111580-aidarrhcwhfolxey4kqhv-bucket10",
            "lifecycle_rule": [],
            "logging": [],
            "object_lock_configuration": [],
            "policy": null,
            "region": "us-east-1",
            "replication_configuration": [],
            "request_payer": "BucketOwner",
            "server_side_encryption_configuration": [],
            "tags": {},
            "versioning": [
              {
                "enabled": false,
                "mfa_delete": false
              }
            ],
            "website": [],
            "website_domain": null,
            "website_endpoint": null
          },
          "private": "bnVsbA=="
        },
        {
          "index_key": 4,
          "schema_version": 0,
          "attributes": {
            "acceleration_status": "",
            "acl": "private",
            "arn": "arn:aws:s3:::105702111580-aidarrhcwhfolxey4kqhv-bucket11",
            "bucket": "105702111580-aidarrhcwhfolxey4kqhv-bucket11",
            "bucket_domain_name": "105702111580-aidarrhcwhfolxey4kqhv-bucket11.s3.amazonaws.com",
            "bucket_prefix": null,
            "bucket_regional_domain_name": "105702111580-aidarrhcwhfolxey4kqhv-bucket11.s3.amazonaws.com",
            "cors_rule": [],
            "force_destroy": false,
            "grant": [],
            "hosted_zone_id": "Z3AQBSTGFYJSTF",
            "id": "105702111580-aidarrhcwhfolxey4kqhv-bucket11",
            "lifecycle_rule": [],
            "logging": [],
            "object_lock_configuration": [],
            "policy": null,
            "region": "us-east-1",
            "replication_configuration": [],
            "request_payer": "BucketOwner",
            "server_side_encryption_configuration": [],
            "tags": {},
            "versioning": [
              {
                "enabled": false,
                "mfa_delete": false
              }
            ],
            "website": [],
            "website_domain": null,
            "website_endpoint": null
          },
          "private": "bnVsbA=="
        }
      ]
    }
  ]
}
